// !$*UTF8*$!
{
	archiveVersion = 1;
	classes = {
	};
	objectVersion = 46;
	objects = {

/* Begin PBXAggregateTarget section */
		0B8363BE8547462687B9E405 /* ALL_BUILD */ = {
			isa = PBXAggregateTarget;
			buildConfigurationList = 4848369668D94B0789806AAB /* Build configuration list for PBXAggregateTarget "ALL_BUILD" */;
			buildPhases = (
				E1A4C9060E2044459A47C481 /* CMake Rules */,
			);
			dependencies = (
				C7E405DFD2384089B4C5ECD9 /* PBXTargetDependency */,
				21FE4328772644B38CBAD611 /* PBXTargetDependency */,
			);
			name = ALL_BUILD;
			productName = ALL_BUILD;
		};
		245DE03462F748DCAC9B1EC9 /* ZERO_CHECK */ = {
			isa = PBXAggregateTarget;
			buildConfigurationList = 628C1879C9CE4740BDE3610D /* Build configuration list for PBXAggregateTarget "ZERO_CHECK" */;
			buildPhases = (
				05153D5349B849C1977F8283 /* CMake Rules */,
			);
			dependencies = (
			);
			name = ZERO_CHECK;
			productName = ZERO_CHECK;
		};
/* End PBXAggregateTarget section */

/* Begin PBXBuildFile section */
		0F03B171A99F40788FCB305C /* Util.cpp in Sources */ = {isa = PBXBuildFile; fileRef = 1E2F994359E74262837A9232 /* Util.cpp */; };
		2244CFB51587470E83C131EA /* World.cpp in Sources */ = {isa = PBXBuildFile; fileRef = BC65F60A195B4D2AAF71B105 /* World.cpp */; };
		5AC86B4F6DEE4BC185B4E578 /* Assembler.cpp in Sources */ = {isa = PBXBuildFile; fileRef = B018CF6D37E644258F35E40C /* Assembler.cpp */; };
		7A79153F9CE14C32AEB1E86B /* StorageHardware.cpp in Sources */ = {isa = PBXBuildFile; fileRef = 6FFB8385FC6A42489EBDE12F /* StorageHardware.cpp */; };
		93C1584C23580F1800B68916 /* MovementHardware.cpp in Sources */ = {isa = PBXBuildFile; fileRef = 93C1584A23580F1800B68916 /* MovementHardware.cpp */; };
		9C0BFD6AE1154833B83209B2 /* main.cpp in Sources */ = {isa = PBXBuildFile; fileRef = 3097E1B2E4534564A4A5965B /* main.cpp */; };
		B370399D10EE4DD1B7BA91D0 /* Hardware.cpp in Sources */ = {isa = PBXBuildFile; fileRef = BAE1F4384F9B4E15B63F922B /* Hardware.cpp */; };
		B6DE7833970842A8A4CA8778 /* Assembly.cpp in Sources */ = {isa = PBXBuildFile; fileRef = FAC372A63FD84EA480C7CC60 /* Assembly.cpp */; };
		C7FD169DE7744BCF80713257 /* Bot.cpp in Sources */ = {isa = PBXBuildFile; fileRef = CFDBFCB9A95E4371BF72440D /* Bot.cpp */; };
/* End PBXBuildFile section */

/* Begin PBXContainerItemProxy section */
		ABAB6041B8C3472CB8B6585B /* PBXContainerItemProxy */ = {
			isa = PBXContainerItemProxy;
			containerPortal = C16752D7DD75422B960EB94E /* Project object */;
			proxyType = 1;
			remoteGlobalIDString = 245DE03462F748DCAC9B1EC9;
			remoteInfo = ZERO_CHECK;
		};
		E4558443D57B472C928E9C0D /* PBXContainerItemProxy */ = {
			isa = PBXContainerItemProxy;
			containerPortal = C16752D7DD75422B960EB94E /* Project object */;
			proxyType = 1;
			remoteGlobalIDString = 245DE03462F748DCAC9B1EC9;
			remoteInfo = ZERO_CHECK;
		};
		F40DFD14A1FA440BA749869E /* PBXContainerItemProxy */ = {
			isa = PBXContainerItemProxy;
			containerPortal = C16752D7DD75422B960EB94E /* Project object */;
			proxyType = 1;
			remoteGlobalIDString = 645056975443401AB556A679;
			remoteInfo = IOBots;
		};
/* End PBXContainerItemProxy section */

/* Begin PBXFileReference section */
		1E2F994359E74262837A9232 /* Util.cpp */ = {isa = PBXFileReference; explicitFileType = sourcecode.cpp.cpp; fileEncoding = 4; path = Util.cpp; sourceTree = SOURCE_ROOT; };
		3097E1B2E4534564A4A5965B /* main.cpp */ = {isa = PBXFileReference; explicitFileType = sourcecode.cpp.cpp; fileEncoding = 4; path = main.cpp; sourceTree = SOURCE_ROOT; };
		30D1BC2BB64C4EC5B91B6D28 /* World.h */ = {isa = PBXFileReference; explicitFileType = sourcecode.c.h; fileEncoding = 4; name = World.h; path = world/World.h; sourceTree = SOURCE_ROOT; };
		3E8470B6A83B43A391D42906 /* Assembler.h */ = {isa = PBXFileReference; explicitFileType = sourcecode.c.h; fileEncoding = 4; name = Assembler.h; path = world/entity/bot/Assembler.h; sourceTree = SOURCE_ROOT; };
		55986BE0818249808ED206D7 /* flags.h */ = {isa = PBXFileReference; explicitFileType = sourcecode.c.h; fileEncoding = 4; path = flags.h; sourceTree = SOURCE_ROOT; };
		6AA3AABB7E1A4117929A3EC2 /* IOBots */ = {isa = PBXFileReference; explicitFileType = "compiled.mach-o.executable"; path = IOBots; sourceTree = BUILT_PRODUCTS_DIR; };
		6E5A95E67AF94522A61E1823 /* CMakeLists.txt */ = {isa = PBXFileReference; explicitFileType = sourcecode.text; fileEncoding = 4; lastKnownFileType = text; path = CMakeLists.txt; sourceTree = SOURCE_ROOT; };
		6FFB8385FC6A42489EBDE12F /* StorageHardware.cpp */ = {isa = PBXFileReference; explicitFileType = sourcecode.cpp.cpp; fileEncoding = 4; name = StorageHardware.cpp; path = world/entity/bot/hardware/StorageHardware.cpp; sourceTree = SOURCE_ROOT; };
		9185B5B70A844B45AC3B3795 /* CMakeLists.txt */ = {isa = PBXFileReference; explicitFileType = sourcecode.text; fileEncoding = 4; lastKnownFileType = text; path = CMakeLists.txt; sourceTree = SOURCE_ROOT; };
		938772F0235A7CA200CFA52E /* assembly.asm */ = {isa = PBXFileReference; lastKnownFileType = sourcecode.asm.asm; path = assembly.asm; sourceTree = "<group>"; };
		938772F1235A954300CFA52E /* memexample.asm */ = {isa = PBXFileReference; lastKnownFileType = sourcecode.asm.asm; path = memexample.asm; sourceTree = "<group>"; };
		93C1584A23580F1800B68916 /* MovementHardware.cpp */ = {isa = PBXFileReference; lastKnownFileType = sourcecode.cpp.cpp; name = MovementHardware.cpp; path = world/entity/bot/hardware/MovementHardware.cpp; sourceTree = "<group>"; };
		93C1584B23580F1800B68916 /* MovementHardware.h */ = {isa = PBXFileReference; lastKnownFileType = sourcecode.c.h; name = MovementHardware.h; path = world/entity/bot/hardware/MovementHardware.h; sourceTree = "<group>"; };
		B018CF6D37E644258F35E40C /* Assembler.cpp */ = {isa = PBXFileReference; explicitFileType = sourcecode.cpp.cpp; fileEncoding = 4; name = Assembler.cpp; path = world/entity/bot/Assembler.cpp; sourceTree = SOURCE_ROOT; };
		B01B40F0F64547CDB338B784 /* Assembly.h */ = {isa = PBXFileReference; explicitFileType = sourcecode.c.h; fileEncoding = 4; name = Assembly.h; path = world/entity/bot/Assembly.h; sourceTree = SOURCE_ROOT; };
		BAE1F4384F9B4E15B63F922B /* Hardware.cpp */ = {isa = PBXFileReference; explicitFileType = sourcecode.cpp.cpp; fileEncoding = 4; name = Hardware.cpp; path = world/entity/bot/hardware/Hardware.cpp; sourceTree = SOURCE_ROOT; };
		BC65F60A195B4D2AAF71B105 /* World.cpp */ = {isa = PBXFileReference; explicitFileType = sourcecode.cpp.cpp; fileEncoding = 4; name = World.cpp; path = world/World.cpp; sourceTree = SOURCE_ROOT; };
		CFDBFCB9A95E4371BF72440D /* Bot.cpp */ = {isa = PBXFileReference; explicitFileType = sourcecode.cpp.cpp; fileEncoding = 4; name = Bot.cpp; path = world/entity/bot/Bot.cpp; sourceTree = SOURCE_ROOT; };
		D3C96B31BDCF4A90BEDFA9DA /* Util.h */ = {isa = PBXFileReference; explicitFileType = sourcecode.c.h; fileEncoding = 4; path = Util.h; sourceTree = SOURCE_ROOT; };
		E6A19EC374D54496AA02AA4C /* Bot.h */ = {isa = PBXFileReference; explicitFileType = sourcecode.c.h; fileEncoding = 4; name = Bot.h; path = world/entity/bot/Bot.h; sourceTree = SOURCE_ROOT; };
		EEE68CF5B45143EE9F99FC59 /* StorageHardware.h */ = {isa = PBXFileReference; explicitFileType = sourcecode.c.h; fileEncoding = 4; name = StorageHardware.h; path = world/entity/bot/hardware/StorageHardware.h; sourceTree = SOURCE_ROOT; };
		FAC372A63FD84EA480C7CC60 /* Assembly.cpp */ = {isa = PBXFileReference; explicitFileType = sourcecode.cpp.cpp; fileEncoding = 4; name = Assembly.cpp; path = world/entity/bot/Assembly.cpp; sourceTree = SOURCE_ROOT; };
		FD5EA6ED8140464EA00DB432 /* Hardware.h */ = {isa = PBXFileReference; explicitFileType = sourcecode.c.h; fileEncoding = 4; name = Hardware.h; path = world/entity/bot/hardware/Hardware.h; sourceTree = SOURCE_ROOT; };
/* End PBXFileReference section */

/* Begin PBXGroup section */
		37FDD4D1FCB4406A91B2AC0D /* IOBots */ = {
			isa = PBXGroup;
			children = (
				938772F0235A7CA200CFA52E /* assembly.asm */,
				938772F1235A954300CFA52E /* memexample.asm */,
				9E2E1C9565AA4624B71F3C8E /* Source Files */,
				402871D89BAD4A4C959EDD83 /* Header Files */,
				9185B5B70A844B45AC3B3795 /* CMakeLists.txt */,
			);
			name = IOBots;
			sourceTree = "<group>";
		};
		402871D89BAD4A4C959EDD83 /* Header Files */ = {
			isa = PBXGroup;
			children = (
				D3C96B31BDCF4A90BEDFA9DA /* Util.h */,
				55986BE0818249808ED206D7 /* flags.h */,
				30D1BC2BB64C4EC5B91B6D28 /* World.h */,
				3E8470B6A83B43A391D42906 /* Assembler.h */,
				B01B40F0F64547CDB338B784 /* Assembly.h */,
				E6A19EC374D54496AA02AA4C /* Bot.h */,
				FD5EA6ED8140464EA00DB432 /* Hardware.h */,
				EEE68CF5B45143EE9F99FC59 /* StorageHardware.h */,
				93C1584B23580F1800B68916 /* MovementHardware.h */,
			);
			name = "Header Files";
			sourceTree = "<group>";
		};
		451453C3169F4928B4AD42D4 /* Products */ = {
			isa = PBXGroup;
			children = (
				6AA3AABB7E1A4117929A3EC2 /* IOBots */,
			);
			name = Products;
			sourceTree = "<group>";
		};
		484E2E061DDE4C389A028330 = {
			isa = PBXGroup;
			children = (
				37FDD4D1FCB4406A91B2AC0D /* IOBots */,
				6A4A1FEC8ADF44CDAA66F524 /* ALL_BUILD */,
				451453C3169F4928B4AD42D4 /* Products */,
			);
			sourceTree = "<group>";
		};
		6A4A1FEC8ADF44CDAA66F524 /* ALL_BUILD */ = {
			isa = PBXGroup;
			children = (
				F0F511894670477A86F7D8F6 /* CMake Rules */,
				6E5A95E67AF94522A61E1823 /* CMakeLists.txt */,
			);
			name = ALL_BUILD;
			sourceTree = "<group>";
		};
		9E2E1C9565AA4624B71F3C8E /* Source Files */ = {
			isa = PBXGroup;
			children = (
				1E2F994359E74262837A9232 /* Util.cpp */,
				3097E1B2E4534564A4A5965B /* main.cpp */,
				BC65F60A195B4D2AAF71B105 /* World.cpp */,
				B018CF6D37E644258F35E40C /* Assembler.cpp */,
				FAC372A63FD84EA480C7CC60 /* Assembly.cpp */,
				CFDBFCB9A95E4371BF72440D /* Bot.cpp */,
				BAE1F4384F9B4E15B63F922B /* Hardware.cpp */,
				6FFB8385FC6A42489EBDE12F /* StorageHardware.cpp */,
				93C1584A23580F1800B68916 /* MovementHardware.cpp */,
			);
			name = "Source Files";
			sourceTree = "<group>";
		};
		F0F511894670477A86F7D8F6 /* CMake Rules */ = {
			isa = PBXGroup;
			children = (
			);
			name = "CMake Rules";
			sourceTree = "<group>";
		};
/* End PBXGroup section */

/* Begin PBXNativeTarget section */
		645056975443401AB556A679 /* IOBots */ = {
			isa = PBXNativeTarget;
			buildConfigurationList = 589A6FEA769747C29CF563EB /* Build configuration list for PBXNativeTarget "IOBots" */;
			buildPhases = (
				C50618B5575E4331BCD9FDAF /* Sources */,
			);
			buildRules = (
			);
			dependencies = (
				E2FF82EDBF3D405D98D62716 /* PBXTargetDependency */,
			);
			name = IOBots;
			productName = IOBots;
			productReference = 6AA3AABB7E1A4117929A3EC2 /* IOBots */;
			productType = "com.apple.product-type.tool";
		};
/* End PBXNativeTarget section */

/* Begin PBXProject section */
		C16752D7DD75422B960EB94E /* Project object */ = {
			isa = PBXProject;
			attributes = {
				BuildIndependentTargetsInParallel = YES;
				LastUpgradeCheck = 1110;
			};
			buildConfigurationList = 302CD30133A74DD78367A745 /* Build configuration list for PBXProject "IOBots" */;
			compatibilityVersion = "Xcode 3.2";
			developmentRegion = en;
			hasScannedForEncodings = 0;
			knownRegions = (
				en,
				Base,
			);
			mainGroup = 484E2E061DDE4C389A028330;
			projectDirPath = "";
			projectRoot = "";
			targets = (
				0B8363BE8547462687B9E405 /* ALL_BUILD */,
				645056975443401AB556A679 /* IOBots */,
				245DE03462F748DCAC9B1EC9 /* ZERO_CHECK */,
			);
		};
/* End PBXProject section */

/* Begin PBXShellScriptBuildPhase section */
		05153D5349B849C1977F8283 /* CMake Rules */ = {
			isa = PBXShellScriptBuildPhase;
			buildActionMask = 2147483647;
			files = (
			);
			name = "CMake Rules";
			runOnlyForDeploymentPostprocessing = 0;
			shellPath = /bin/sh;
			shellScript = "make -C /Users/aaron/iobots -f /Users/aaron/iobots/CMakeScripts/ZERO_CHECK_cmakeRulesBuildPhase.make$CONFIGURATION OBJDIR=$(basename \"$OBJECT_FILE_DIR_normal\") all";
			showEnvVarsInLog = 0;
		};
		E1A4C9060E2044459A47C481 /* CMake Rules */ = {
			isa = PBXShellScriptBuildPhase;
			buildActionMask = 2147483647;
			files = (
			);
			name = "CMake Rules";
			runOnlyForDeploymentPostprocessing = 0;
			shellPath = /bin/sh;
			shellScript = "make -C /Users/aaron/iobots -f /Users/aaron/iobots/CMakeScripts/ALL_BUILD_cmakeRulesBuildPhase.make$CONFIGURATION OBJDIR=$(basename \"$OBJECT_FILE_DIR_normal\") all";
			showEnvVarsInLog = 0;
		};
/* End PBXShellScriptBuildPhase section */

/* Begin PBXSourcesBuildPhase section */
		C50618B5575E4331BCD9FDAF /* Sources */ = {
			isa = PBXSourcesBuildPhase;
			buildActionMask = 2147483647;
			files = (
				0F03B171A99F40788FCB305C /* Util.cpp in Sources */,
				9C0BFD6AE1154833B83209B2 /* main.cpp in Sources */,
				2244CFB51587470E83C131EA /* World.cpp in Sources */,
				93C1584C23580F1800B68916 /* MovementHardware.cpp in Sources */,
				5AC86B4F6DEE4BC185B4E578 /* Assembler.cpp in Sources */,
				B6DE7833970842A8A4CA8778 /* Assembly.cpp in Sources */,
				C7FD169DE7744BCF80713257 /* Bot.cpp in Sources */,
				B370399D10EE4DD1B7BA91D0 /* Hardware.cpp in Sources */,
				7A79153F9CE14C32AEB1E86B /* StorageHardware.cpp in Sources */,
			);
			runOnlyForDeploymentPostprocessing = 0;
		};
/* End PBXSourcesBuildPhase section */

/* Begin PBXTargetDependency section */
		21FE4328772644B38CBAD611 /* PBXTargetDependency */ = {
			isa = PBXTargetDependency;
			target = 645056975443401AB556A679 /* IOBots */;
			targetProxy = F40DFD14A1FA440BA749869E /* PBXContainerItemProxy */;
		};
		C7E405DFD2384089B4C5ECD9 /* PBXTargetDependency */ = {
			isa = PBXTargetDependency;
			target = 245DE03462F748DCAC9B1EC9 /* ZERO_CHECK */;
			targetProxy = E4558443D57B472C928E9C0D /* PBXContainerItemProxy */;
		};
		E2FF82EDBF3D405D98D62716 /* PBXTargetDependency */ = {
			isa = PBXTargetDependency;
			target = 245DE03462F748DCAC9B1EC9 /* ZERO_CHECK */;
			targetProxy = ABAB6041B8C3472CB8B6585B /* PBXContainerItemProxy */;
		};
/* End PBXTargetDependency section */

/* Begin XCBuildConfiguration section */
		09F9DEAA1D7B4D2CADE873B1 /* RelWithDebInfo */ = {
			isa = XCBuildConfiguration;
			buildSettings = {
				COMBINE_HIDPI_IMAGES = YES;
				EXECUTABLE_PREFIX = "";
				EXECUTABLE_SUFFIX = "";
				GCC_GENERATE_DEBUGGING_SYMBOLS = YES;
				GCC_INLINES_ARE_PRIVATE_EXTERN = NO;
				GCC_OPTIMIZATION_LEVEL = 2;
				GCC_PREPROCESSOR_DEFINITIONS = "'CMAKE_INTDIR=\"$(CONFIGURATION)$(EFFECTIVE_PLATFORM_NAME)\"'";
				GCC_SYMBOLS_PRIVATE_EXTERN = NO;
				INSTALL_PATH = "";
				LIBRARY_SEARCH_PATHS = "";
				OTHER_CPLUSPLUSFLAGS = (
					"-DNDEBUG",
					"'-std=gnu++1z'",
				);
				OTHER_LDFLAGS = (
					"-Wl,-search_paths_first",
					"-Wl,-headerpad_max_install_names",
				);
				OTHER_REZFLAGS = "";
				PRODUCT_NAME = IOBots;
				SECTORDER_FLAGS = "";
				SYMROOT = /Users/aaron/iobots;
				USE_HEADERMAP = NO;
				WARNING_CFLAGS = (
					"-Wmost",
					"-Wno-four-char-constants",
					"-Wno-unknown-pragmas",
					"$(inherited)",
				);
			};
			name = RelWithDebInfo;
		};
		18325290EF724632AB8B3563 /* Release */ = {
			isa = XCBuildConfiguration;
			buildSettings = {
				ONLY_ACTIVE_ARCH = YES;
				SDKROOT = /Applications/Xcode.app/Contents/Developer/Platforms/MacOSX.platform/Developer/SDKs/MacOSX10.15.sdk;
				SYMROOT = /Users/aaron/iobots/build;
			};
			name = Release;
		};
		2B79D386111143B2A0291479 /* RelWithDebInfo */ = {
			isa = XCBuildConfiguration;
			buildSettings = {
				COMBINE_HIDPI_IMAGES = YES;
				GCC_GENERATE_DEBUGGING_SYMBOLS = YES;
				GCC_INLINES_ARE_PRIVATE_EXTERN = NO;
				GCC_OPTIMIZATION_LEVEL = 0;
				GCC_PREPROCESSOR_DEFINITIONS = "'CMAKE_INTDIR=\"$(CONFIGURATION)$(EFFECTIVE_PLATFORM_NAME)\"'";
				GCC_SYMBOLS_PRIVATE_EXTERN = NO;
				INSTALL_PATH = "";
				OTHER_LDFLAGS = " ";
				OTHER_REZFLAGS = "";
				PRODUCT_NAME = ZERO_CHECK;
				SECTORDER_FLAGS = "";
				SYMROOT = /Users/aaron/iobots;
				USE_HEADERMAP = NO;
				WARNING_CFLAGS = (
					"-Wmost",
					"-Wno-four-char-constants",
					"-Wno-unknown-pragmas",
					"$(inherited)",
				);
			};
			name = RelWithDebInfo;
		};
		2EB3F86B55AE467AAC5A11B5 /* MinSizeRel */ = {
			isa = XCBuildConfiguration;
			buildSettings = {
				COMBINE_HIDPI_IMAGES = YES;
				EXECUTABLE_PREFIX = "";
				EXECUTABLE_SUFFIX = "";
				GCC_GENERATE_DEBUGGING_SYMBOLS = NO;
				GCC_INLINES_ARE_PRIVATE_EXTERN = NO;
				GCC_OPTIMIZATION_LEVEL = s;
				GCC_PREPROCESSOR_DEFINITIONS = "'CMAKE_INTDIR=\"$(CONFIGURATION)$(EFFECTIVE_PLATFORM_NAME)\"'";
				GCC_SYMBOLS_PRIVATE_EXTERN = NO;
				INSTALL_PATH = "";
				LIBRARY_SEARCH_PATHS = "";
				OTHER_CPLUSPLUSFLAGS = (
					"-DNDEBUG",
					"'-std=gnu++1z'",
				);
				OTHER_LDFLAGS = (
					"-Wl,-search_paths_first",
					"-Wl,-headerpad_max_install_names",
				);
				OTHER_REZFLAGS = "";
				PRODUCT_NAME = IOBots;
				SECTORDER_FLAGS = "";
				SYMROOT = /Users/aaron/iobots;
				USE_HEADERMAP = NO;
				WARNING_CFLAGS = (
					"-Wmost",
					"-Wno-four-char-constants",
					"-Wno-unknown-pragmas",
					"$(inherited)",
				);
			};
			name = MinSizeRel;
		};
		416C4AEAFB804960BE8EC39A /* Debug */ = {
			isa = XCBuildConfiguration;
			buildSettings = {
				COMBINE_HIDPI_IMAGES = YES;
				EXECUTABLE_PREFIX = "";
				EXECUTABLE_SUFFIX = "";
				GCC_GENERATE_DEBUGGING_SYMBOLS = YES;
				GCC_INLINES_ARE_PRIVATE_EXTERN = NO;
				GCC_OPTIMIZATION_LEVEL = 0;
				GCC_PREPROCESSOR_DEFINITIONS = "'CMAKE_INTDIR=\"$(CONFIGURATION)$(EFFECTIVE_PLATFORM_NAME)\"'";
				GCC_SYMBOLS_PRIVATE_EXTERN = NO;
				INSTALL_PATH = "";
				LIBRARY_SEARCH_PATHS = "";
				OTHER_CPLUSPLUSFLAGS = "   '-std=gnu++1z'  ";
				OTHER_LDFLAGS = (
					"-Wl,-search_paths_first",
					"-Wl,-headerpad_max_install_names",
				);
				OTHER_REZFLAGS = "";
				PRODUCT_NAME = IOBots;
				SECTORDER_FLAGS = "";
				SYMROOT = /Users/aaron/iobots;
				USE_HEADERMAP = NO;
				WARNING_CFLAGS = (
					"-Wmost",
					"-Wno-four-char-constants",
					"-Wno-unknown-pragmas",
					"$(inherited)",
				);
			};
			name = Debug;
		};
		52C3BA0F064144B48FB092D0 /* Release */ = {
			isa = XCBuildConfiguration;
			buildSettings = {
				COMBINE_HIDPI_IMAGES = YES;
				EXECUTABLE_PREFIX = "";
				EXECUTABLE_SUFFIX = "";
				GCC_GENERATE_DEBUGGING_SYMBOLS = NO;
				GCC_INLINES_ARE_PRIVATE_EXTERN = NO;
				GCC_OPTIMIZATION_LEVEL = 3;
				GCC_PREPROCESSOR_DEFINITIONS = "'CMAKE_INTDIR=\"$(CONFIGURATION)$(EFFECTIVE_PLATFORM_NAME)\"'";
				GCC_SYMBOLS_PRIVATE_EXTERN = NO;
				INSTALL_PATH = "";
				LIBRARY_SEARCH_PATHS = "";
				OTHER_CPLUSPLUSFLAGS = (
					"-DNDEBUG",
					"'-std=gnu++1z'",
				);
				OTHER_LDFLAGS = (
					"-Wl,-search_paths_first",
					"-Wl,-headerpad_max_install_names",
				);
				OTHER_REZFLAGS = "";
				PRODUCT_NAME = IOBots;
				SECTORDER_FLAGS = "";
				SYMROOT = /Users/aaron/iobots;
				USE_HEADERMAP = NO;
				WARNING_CFLAGS = (
					"-Wmost",
					"-Wno-four-char-constants",
					"-Wno-unknown-pragmas",
					"$(inherited)",
				);
			};
			name = Release;
		};
		5963054D4EA14F5DA42DBCE3 /* MinSizeRel */ = {
			isa = XCBuildConfiguration;
			buildSettings = {
				COMBINE_HIDPI_IMAGES = YES;
				GCC_GENERATE_DEBUGGING_SYMBOLS = YES;
				GCC_INLINES_ARE_PRIVATE_EXTERN = NO;
				GCC_OPTIMIZATION_LEVEL = 0;
				GCC_PREPROCESSOR_DEFINITIONS = "'CMAKE_INTDIR=\"$(CONFIGURATION)$(EFFECTIVE_PLATFORM_NAME)\"'";
				GCC_SYMBOLS_PRIVATE_EXTERN = NO;
				INSTALL_PATH = "";
				OTHER_LDFLAGS = " ";
				OTHER_REZFLAGS = "";
				PRODUCT_NAME = ALL_BUILD;
				SECTORDER_FLAGS = "";
				SYMROOT = /Users/aaron/iobots;
				USE_HEADERMAP = NO;
				WARNING_CFLAGS = (
					"-Wmost",
					"-Wno-four-char-constants",
					"-Wno-unknown-pragmas",
					"$(inherited)",
				);
			};
			name = MinSizeRel;
		};
		6E1F454863A54331ADA29C55 /* MinSizeRel */ = {
			isa = XCBuildConfiguration;
			buildSettings = {
				ONLY_ACTIVE_ARCH = YES;
				SDKROOT = /Applications/Xcode.app/Contents/Developer/Platforms/MacOSX.platform/Developer/SDKs/MacOSX10.15.sdk;
				SYMROOT = /Users/aaron/iobots/build;
			};
			name = MinSizeRel;
		};
		C0F706C0B8A24D8A875FE377 /* RelWithDebInfo */ = {
			isa = XCBuildConfiguration;
			buildSettings = {
				ONLY_ACTIVE_ARCH = YES;
				SDKROOT = /Applications/Xcode.app/Contents/Developer/Platforms/MacOSX.platform/Developer/SDKs/MacOSX10.15.sdk;
				SYMROOT = /Users/aaron/iobots/build;
			};
			name = RelWithDebInfo;
		};
		CBB617A372414522B3094F9C /* Debug */ = {
			isa = XCBuildConfiguration;
			buildSettings = {
				ONLY_ACTIVE_ARCH = YES;
				SDKROOT = /Applications/Xcode.app/Contents/Developer/Platforms/MacOSX.platform/Developer/SDKs/MacOSX10.15.sdk;
				SYMROOT = /Users/aaron/iobots/build;
			};
			name = Debug;
		};
		DAD2A35E6ABA46FEB9EBECFA /* RelWithDebInfo */ = {
			isa = XCBuildConfiguration;
			buildSettings = {
				COMBINE_HIDPI_IMAGES = YES;
				GCC_GENERATE_DEBUGGING_SYMBOLS = YES;
				GCC_INLINES_ARE_PRIVATE_EXTERN = NO;
				GCC_OPTIMIZATION_LEVEL = 0;
				GCC_PREPROCESSOR_DEFINITIONS = "'CMAKE_INTDIR=\"$(CONFIGURATION)$(EFFECTIVE_PLATFORM_NAME)\"'";
				GCC_SYMBOLS_PRIVATE_EXTERN = NO;
				INSTALL_PATH = "";
				OTHER_LDFLAGS = " ";
				OTHER_REZFLAGS = "";
				PRODUCT_NAME = ALL_BUILD;
				SECTORDER_FLAGS = "";
				SYMROOT = /Users/aaron/iobots;
				USE_HEADERMAP = NO;
				WARNING_CFLAGS = (
					"-Wmost",
					"-Wno-four-char-constants",
					"-Wno-unknown-pragmas",
					"$(inherited)",
				);
			};
			name = RelWithDebInfo;
		};
		DCE35E4E979F473C8E7B6AFA /* Debug */ = {
			isa = XCBuildConfiguration;
			buildSettings = {
				COMBINE_HIDPI_IMAGES = YES;
				GCC_GENERATE_DEBUGGING_SYMBOLS = YES;
				GCC_INLINES_ARE_PRIVATE_EXTERN = NO;
				GCC_OPTIMIZATION_LEVEL = 0;
				GCC_PREPROCESSOR_DEFINITIONS = "'CMAKE_INTDIR=\"$(CONFIGURATION)$(EFFECTIVE_PLATFORM_NAME)\"'";
				GCC_SYMBOLS_PRIVATE_EXTERN = NO;
				INSTALL_PATH = "";
				OTHER_LDFLAGS = " ";
				OTHER_REZFLAGS = "";
				PRODUCT_NAME = ZERO_CHECK;
				SECTORDER_FLAGS = "";
				SYMROOT = /Users/aaron/iobots;
				USE_HEADERMAP = NO;
				WARNING_CFLAGS = (
					"-Wmost",
					"-Wno-four-char-constants",
					"-Wno-unknown-pragmas",
					"$(inherited)",
				);
			};
			name = Debug;
		};
		E03E691EF8D84A528482C2A1 /* Release */ = {
			isa = XCBuildConfiguration;
			buildSettings = {
				COMBINE_HIDPI_IMAGES = YES;
				GCC_GENERATE_DEBUGGING_SYMBOLS = YES;
				GCC_INLINES_ARE_PRIVATE_EXTERN = NO;
				GCC_OPTIMIZATION_LEVEL = 0;
				GCC_PREPROCESSOR_DEFINITIONS = "'CMAKE_INTDIR=\"$(CONFIGURATION)$(EFFECTIVE_PLATFORM_NAME)\"'";
				GCC_SYMBOLS_PRIVATE_EXTERN = NO;
				INSTALL_PATH = "";
				OTHER_LDFLAGS = " ";
				OTHER_REZFLAGS = "";
				PRODUCT_NAME = ALL_BUILD;
				SECTORDER_FLAGS = "";
				SYMROOT = /Users/aaron/iobots;
				USE_HEADERMAP = NO;
				WARNING_CFLAGS = (
					"-Wmost",
					"-Wno-four-char-constants",
					"-Wno-unknown-pragmas",
					"$(inherited)",
				);
			};
			name = Release;
		};
		E68A2F015F8D478DB8D21F56 /* Debug */ = {
			isa = XCBuildConfiguration;
			buildSettings = {
				COMBINE_HIDPI_IMAGES = YES;
				GCC_GENERATE_DEBUGGING_SYMBOLS = YES;
				GCC_INLINES_ARE_PRIVATE_EXTERN = NO;
				GCC_OPTIMIZATION_LEVEL = 0;
				GCC_PREPROCESSOR_DEFINITIONS = "'CMAKE_INTDIR=\"$(CONFIGURATION)$(EFFECTIVE_PLATFORM_NAME)\"'";
				GCC_SYMBOLS_PRIVATE_EXTERN = NO;
				INSTALL_PATH = "";
				OTHER_LDFLAGS = " ";
				OTHER_REZFLAGS = "";
				PRODUCT_NAME = ALL_BUILD;
				SECTORDER_FLAGS = "";
				SYMROOT = /Users/aaron/iobots;
				USE_HEADERMAP = NO;
				WARNING_CFLAGS = (
					"-Wmost",
					"-Wno-four-char-constants",
					"-Wno-unknown-pragmas",
					"$(inherited)",
				);
			};
			name = Debug;
		};
		FAF7E3D8D3C4412DB90C37D6 /* MinSizeRel */ = {
			isa = XCBuildConfiguration;
			buildSettings = {
				COMBINE_HIDPI_IMAGES = YES;
				GCC_GENERATE_DEBUGGING_SYMBOLS = YES;
				GCC_INLINES_ARE_PRIVATE_EXTERN = NO;
				GCC_OPTIMIZATION_LEVEL = 0;
				GCC_PREPROCESSOR_DEFINITIONS = "'CMAKE_INTDIR=\"$(CONFIGURATION)$(EFFECTIVE_PLATFORM_NAME)\"'";
				GCC_SYMBOLS_PRIVATE_EXTERN = NO;
				INSTALL_PATH = "";
				OTHER_LDFLAGS = " ";
				OTHER_REZFLAGS = "";
				PRODUCT_NAME = ZERO_CHECK;
				SECTORDER_FLAGS = "";
				SYMROOT = /Users/aaron/iobots;
				USE_HEADERMAP = NO;
				WARNING_CFLAGS = (
					"-Wmost",
					"-Wno-four-char-constants",
					"-Wno-unknown-pragmas",
					"$(inherited)",
				);
			};
			name = MinSizeRel;
		};
		FE74A2298C074B978A8F9D33 /* Release */ = {
			isa = XCBuildConfiguration;
			buildSettings = {
				COMBINE_HIDPI_IMAGES = YES;
				GCC_GENERATE_DEBUGGING_SYMBOLS = YES;
				GCC_INLINES_ARE_PRIVATE_EXTERN = NO;
				GCC_OPTIMIZATION_LEVEL = 0;
				GCC_PREPROCESSOR_DEFINITIONS = "'CMAKE_INTDIR=\"$(CONFIGURATION)$(EFFECTIVE_PLATFORM_NAME)\"'";
				GCC_SYMBOLS_PRIVATE_EXTERN = NO;
				INSTALL_PATH = "";
				OTHER_LDFLAGS = " ";
				OTHER_REZFLAGS = "";
				PRODUCT_NAME = ZERO_CHECK;
				SECTORDER_FLAGS = "";
				SYMROOT = /Users/aaron/iobots;
				USE_HEADERMAP = NO;
				WARNING_CFLAGS = (
					"-Wmost",
					"-Wno-four-char-constants",
					"-Wno-unknown-pragmas",
					"$(inherited)",
				);
			};
			name = Release;
		};
/* End XCBuildConfiguration section */

/* Begin XCConfigurationList section */
		302CD30133A74DD78367A745 /* Build configuration list for PBXProject "IOBots" */ = {
			isa = XCConfigurationList;
			buildConfigurations = (
				CBB617A372414522B3094F9C /* Debug */,
				18325290EF724632AB8B3563 /* Release */,
				6E1F454863A54331ADA29C55 /* MinSizeRel */,
				C0F706C0B8A24D8A875FE377 /* RelWithDebInfo */,
			);
			defaultConfigurationIsVisible = 0;
			defaultConfigurationName = Debug;
		};
		4848369668D94B0789806AAB /* Build configuration list for PBXAggregateTarget "ALL_BUILD" */ = {
			isa = XCConfigurationList;
			buildConfigurations = (
				E68A2F015F8D478DB8D21F56 /* Debug */,
				E03E691EF8D84A528482C2A1 /* Release */,
				5963054D4EA14F5DA42DBCE3 /* MinSizeRel */,
				DAD2A35E6ABA46FEB9EBECFA /* RelWithDebInfo */,
			);
			defaultConfigurationIsVisible = 0;
			defaultConfigurationName = Debug;
		};
		589A6FEA769747C29CF563EB /* Build configuration list for PBXNativeTarget "IOBots" */ = {
			isa = XCConfigurationList;
			buildConfigurations = (
				416C4AEAFB804960BE8EC39A /* Debug */,
				52C3BA0F064144B48FB092D0 /* Release */,
				2EB3F86B55AE467AAC5A11B5 /* MinSizeRel */,
				09F9DEAA1D7B4D2CADE873B1 /* RelWithDebInfo */,
			);
			defaultConfigurationIsVisible = 0;
			defaultConfigurationName = Debug;
		};
		628C1879C9CE4740BDE3610D /* Build configuration list for PBXAggregateTarget "ZERO_CHECK" */ = {
			isa = XCConfigurationList;
			buildConfigurations = (
				DCE35E4E979F473C8E7B6AFA /* Debug */,
				FE74A2298C074B978A8F9D33 /* Release */,
				FAF7E3D8D3C4412DB90C37D6 /* MinSizeRel */,
				2B79D386111143B2A0291479 /* RelWithDebInfo */,
			);
			defaultConfigurationIsVisible = 0;
			defaultConfigurationName = Debug;
		};
/* End XCConfigurationList section */
	};
	rootObject = C16752D7DD75422B960EB94E /* Project object */;
}
